
Microsoft Visual Studio Solution File, Format Version 12.00
# Visual Studio 15
VisualStudioVersion = 15.0.28010.2016
MinimumVisualStudioVersion = 10.0.40219.1
Project("{FAE04EC0-301F-11D3-BF4B-00C04F79EFBC}") = "EmbeddedResourceTool", "EmbeddedResourceTool\EmbeddedResourceTool.csproj", "{1C23AF52-3CB5-4094-84E9-B4A665877147}"
EndProject
Global
	GlobalSection(SolutionConfigurationPlatforms) = preSolution
		Debug|Any CPU = Debug|Any CPU
		Release|Any CPU = Release|Any CPU
	EndGlobalSection
	GlobalSection(ProjectConfigurationPlatforms) = postSolution
		{1C23AF52-3CB5-4094-84E9-B4A665877147}.Debug|Any CPU.ActiveCfg = Debug|Any CPU
		{1C23AF52-3CB5-4094-84E9-B4A665877147}.Debug|Any CPU.Build.0 = Debug|Any CPU
		{1C23AF52-3CB5-4094-84E9-B4A665877147}.Release|Any CPU.ActiveCfg = Release|Any CPU
		{1C23AF52-3CB5-4094-84E9-B4A665877147}.Release|Any CPU.Build.0 = Release|Any CPU
	EndGlobalSection
	GlobalSection(SolutionProperties) = preSolution
		HideSolutionNode = FALSE
	EndGlobalSection
	GlobalSection(ExtensibilityGlobals) = postSolution
		SolutionGuid = {DFA25B00-ACC6-4767-B5D5-7724B16B8F05}
	EndGlobalSection
EndGlobal
